
Microsoft Visual Studio Solution File, Format Version 12.00
# Visual Studio Version 17
VisualStudioVersion = 17.2.32526.322
MinimumVisualStudioVersion = 10.0.40219.1
Project("{FAE04EC0-301F-11D3-BF4B-00C04F79EFBC}") = "WebApplication1", "WebApplication1\WebApplication1.csproj", "{CA27C6AB-C74F-448D-AAC5-DC9227CD6C3F}"
EndProject
Project("{FAE04EC0-301F-11D3-BF4B-00C04F79EFBC}") = "ClassLibrary2", "ClassLibrary2\ClassLibrary2.csproj", "{5A9BC246-505F-4048-8D26-48CA22AC2487}"
EndProject
Global
	GlobalSection(SolutionConfigurationPlatforms) = preSolution
		Debug|Any CPU = Debug|Any CPU
		Release|Any CPU = Release|Any CPU
	EndGlobalSection
	GlobalSection(ProjectConfigurationPlatforms) = postSolution
		{CA27C6AB-C74F-448D-AAC5-DC9227CD6C3F}.Debug|Any CPU.ActiveCfg = Debug|Any CPU
		{CA27C6AB-C74F-448D-AAC5-DC9227CD6C3F}.Debug|Any CPU.Build.0 = Debug|Any CPU
		{CA27C6AB-C74F-448D-AAC5-DC9227CD6C3F}.Release|Any CPU.ActiveCfg = Release|Any CPU
		{CA27C6AB-C74F-448D-AAC5-DC9227CD6C3F}.Release|Any CPU.Build.0 = Release|Any CPU
		{5A9BC246-505F-4048-8D26-48CA22AC2487}.Debug|Any CPU.ActiveCfg = Debug|Any CPU
		{5A9BC246-505F-4048-8D26-48CA22AC2487}.Debug|Any CPU.Build.0 = Debug|Any CPU
		{5A9BC246-505F-4048-8D26-48CA22AC2487}.Release|Any CPU.ActiveCfg = Release|Any CPU
		{5A9BC246-505F-4048-8D26-48CA22AC2487}.Release|Any CPU.Build.0 = Release|Any CPU
	EndGlobalSection
	GlobalSection(SolutionProperties) = preSolution
		HideSolutionNode = FALSE
	EndGlobalSection
	GlobalSection(ExtensibilityGlobals) = postSolution
		SolutionGuid = {DB19D757-263A-4FA9-86FF-EFF5BDD0DE17}
	EndGlobalSection
EndGlobal
